{
  "nodes": {
    "dank-material-shell": {
      "inputs": {
        "nixpkgs": [
          "nixpkgs"
        ],
        "quickshell": "quickshell"
      },
      "locked": {
        "lastModified": 1767668210,
        "narHash": "sha256-2SLcWzrvZt2HwUPZUsR043FF/F2vUsWwhpursc/Oy8M=",
        "owner": "AvengeMedia",
        "repo": "DankMaterialShell",
        "rev": "f762f9ae497749560dcb68f24110acc256661c06",
        "type": "github"
      },
      "original": {
        "owner": "AvengeMedia",
        "repo": "DankMaterialShell",
        "type": "github"
      }
    },
    "dgop": {
      "inputs": {
        "nixpkgs": [
          "nixpkgs"
        ]
      },
      "locked": {
        "lastModified": 1765838956,
        "narHash": "sha256-A3a2ZfvjirX8VIdIPI+nAyukWs6vx4vet3fU0mpr7lU=",
        "owner": "AvengeMedia",
        "repo": "dgop",
        "rev": "0ff697a4e3418966caa714c838fc73f1ef6ba59b",
        "type": "github"
      },
      "original": {
        "owner": "AvengeMedia",
        "repo": "dgop",
        "type": "github"
      }
    },
    "home-manager": {
      "inputs": {
        "nixpkgs": [
          "nixpkgs"
        ]
      },
      "locked": {
        "lastModified": 1767702900,
        "narHash": "sha256-xMzHmNytl7JgFRov2jHf2GYsLVp/sAfYO0JvbZt0uDo=",
        "owner": "nix-community",
        "repo": "home-manager",
        "rev": "38e187fd2f9efac197e03be0c25f3ee215974144",
        "type": "github"
      },
      "original": {
        "owner": "nix-community",
        "repo": "home-manager",
        "type": "github"
      }
    },
    "nix-flatpak": {
      "locked": {
        "lastModified": 1754777568,
        "narHash": "sha256-0bBqT+3XncgF8F03RFAamw9vdf0VmaDoIJLTGkjfQZs=",
        "owner": "gmodena",
        "repo": "nix-flatpak",
        "rev": "62f636b87ef6050760a8cb325cadb90674d1e23e",
        "type": "github"
      },
      "original": {
        "owner": "gmodena",
        "repo": "nix-flatpak",
        "type": "github"
      }
    },
    "nixpkgs": {
      "locked": {
        "lastModified": 1767379071,
        "narHash": "sha256-EgE0pxsrW9jp9YFMkHL9JMXxcqi/OoumPJYwf+Okucw=",
        "owner": "NixOS",
        "repo": "nixpkgs",
        "rev": "fb7944c166a3b630f177938e478f0378e64ce108",
        "type": "github"
      },
      "original": {
        "owner": "NixOS",
        "ref": "nixos-unstable",
        "repo": "nixpkgs",
        "type": "github"
      }
    },
    "noctalia": {
      "inputs": {
        "nixpkgs": [
          "nixpkgs"
        ]
      },
      "locked": {
        "lastModified": 1767722761,
        "narHash": "sha256-l8gEFCHuZzlSQZMlmihNtJkPzhix/QnDGdZJlDfXRBM=",
        "owner": "noctalia-dev",
        "repo": "noctalia-shell",
        "rev": "b81174b9f8329f697a5fbb72c672b0f886d733b5",
        "type": "github"
      },
      "original": {
        "owner": "noctalia-dev",
        "repo": "noctalia-shell",
        "type": "github"
      }
    },
    "quickshell": {
      "inputs": {
        "nixpkgs": [
          "dank-material-shell",
          "nixpkgs"
        ]
      },
      "locked": {
        "lastModified": 1766725085,
        "narHash": "sha256-O2aMFdDUYJazFrlwL7aSIHbUSEm3ADVZjmf41uBJfHs=",
        "ref": "refs/heads/master",
        "rev": "41828c4180fb921df7992a5405f5ff05d2ac2fff",
        "revCount": 715,
        "type": "git",
        "url": "https://git.outfoxxed.me/quickshell/quickshell"
      },
      "original": {
        "rev": "41828c4180fb921df7992a5405f5ff05d2ac2fff",
        "type": "git",
        "url": "https://git.outfoxxed.me/quickshell/quickshell"
      }
    },
    "quickshell_2": {
      "inputs": {
        "nixpkgs": [
          "nixpkgs"
        ]
      },
      "locked": {
        "lastModified": 1767693058,
        "narHash": "sha256-rnLX8IA4yMbKHjYmJPcYCcWrqJ50B8WApQW62l+V9LE=",
        "owner": "outfoxxed",
        "repo": "quickshell",
        "rev": "6742148cf4a8415a9c51fdeb11d8c3ea716c2e14",
        "type": "github"
      },
      "original": {
        "owner": "outfoxxed",
        "repo": "quickshell",
        "type": "github"
      }
    },
    "root": {
      "inputs": {
        "dank-material-shell": "dank-material-shell",
        "dgop": "dgop",
        "home-manager": "home-manager",
        "nix-flatpak": "nix-flatpak",
        "nixpkgs": "nixpkgs",
        "noctalia": "noctalia",
        "quickshell": "quickshell_2"
      }
    }
  },
  "root": "root",
  "version": 7
}
